
Microsoft Visual Studio Solution File, Format Version 10.00
# Visual Studio 2008
Project("{FAE04EC0-301F-11D3-BF4B-00C04F79EFBC}") = "Kudo.Core", "Kudo.Core\Kudo.Core.csproj", "{EFA0C38C-63C3-4EAB-8A08-C27519DBF9AD}"
EndProject
Project("{FAE04EC0-301F-11D3-BF4B-00C04F79EFBC}") = "Kudo.Web", "Kudo.Web\Kudo.Web.csproj", "{F423F6C4-2FB7-4D31-9AB7-E979CA37FE56}"
EndProject
Global
	GlobalSection(SolutionConfigurationPlatforms) = preSolution
		Debug|Any CPU = Debug|Any CPU
		Release|Any CPU = Release|Any CPU
	EndGlobalSection
	GlobalSection(ProjectConfigurationPlatforms) = postSolution
		{EFA0C38C-63C3-4EAB-8A08-C27519DBF9AD}.Debug|Any CPU.ActiveCfg = Debug|Any CPU
		{EFA0C38C-63C3-4EAB-8A08-C27519DBF9AD}.Debug|Any CPU.Build.0 = Debug|Any CPU
		{EFA0C38C-63C3-4EAB-8A08-C27519DBF9AD}.Release|Any CPU.ActiveCfg = Release|Any CPU
		{EFA0C38C-63C3-4EAB-8A08-C27519DBF9AD}.Release|Any CPU.Build.0 = Release|Any CPU
		{F423F6C4-2FB7-4D31-9AB7-E979CA37FE56}.Debug|Any CPU.ActiveCfg = Debug|Any CPU
		{F423F6C4-2FB7-4D31-9AB7-E979CA37FE56}.Debug|Any CPU.Build.0 = Debug|Any CPU
		{F423F6C4-2FB7-4D31-9AB7-E979CA37FE56}.Release|Any CPU.ActiveCfg = Release|Any CPU
		{F423F6C4-2FB7-4D31-9AB7-E979CA37FE56}.Release|Any CPU.Build.0 = Release|Any CPU
	EndGlobalSection
	GlobalSection(SolutionProperties) = preSolution
		HideSolutionNode = FALSE
	EndGlobalSection
EndGlobal
